
Microsoft Visual Studio Solution File, Format Version 12.00
# Visual Studio 15
VisualStudioVersion = 15.0.28307.852
MinimumVisualStudioVersion = 10.0.40219.1
Project("{8BC9CEB8-8B4A-11D0-8D11-00A0C91BC942}") = "Exercice_code", "Exercice_code\Exercice_code.vcxproj", "{5E923704-FB30-4B54-AB56-7F80972BB7DA}"
EndProject
Global
	GlobalSection(SolutionConfigurationPlatforms) = preSolution
		Debug|x64 = Debug|x64
		Debug|x86 = Debug|x86
		Release|x64 = Release|x64
		Release|x86 = Release|x86
	EndGlobalSection
	GlobalSection(ProjectConfigurationPlatforms) = postSolution
		{5E923704-FB30-4B54-AB56-7F80972BB7DA}.Debug|x64.ActiveCfg = Debug|x64
		{5E923704-FB30-4B54-AB56-7F80972BB7DA}.Debug|x64.Build.0 = Debug|x64
		{5E923704-FB30-4B54-AB56-7F80972BB7DA}.Debug|x86.ActiveCfg = Debug|Win32
		{5E923704-FB30-4B54-AB56-7F80972BB7DA}.Debug|x86.Build.0 = Debug|Win32
		{5E923704-FB30-4B54-AB56-7F80972BB7DA}.Release|x64.ActiveCfg = Release|x64
		{5E923704-FB30-4B54-AB56-7F80972BB7DA}.Release|x64.Build.0 = Release|x64
		{5E923704-FB30-4B54-AB56-7F80972BB7DA}.Release|x86.ActiveCfg = Release|Win32
		{5E923704-FB30-4B54-AB56-7F80972BB7DA}.Release|x86.Build.0 = Release|Win32
	EndGlobalSection
	GlobalSection(SolutionProperties) = preSolution
		HideSolutionNode = FALSE
	EndGlobalSection
	GlobalSection(ExtensibilityGlobals) = postSolution
		SolutionGuid = {4027D06B-F78B-419A-AC96-87DCAC606127}
	EndGlobalSection
EndGlobal
