
Microsoft Visual Studio Solution File, Format Version 12.00
# Visual Studio 15
VisualStudioVersion = 15.0.28010.2041
MinimumVisualStudioVersion = 10.0.40219.1
Project("{8BC9CEB8-8B4A-11D0-8D11-00A0C91BC942}") = "Exercice3", "Exercice3\Exercice3.vcxproj", "{03B02113-67F4-4D07-86BD-9C77BBC43D4E}"
EndProject
Global
	GlobalSection(SolutionConfigurationPlatforms) = preSolution
		Debug|x64 = Debug|x64
		Debug|x86 = Debug|x86
		Release|x64 = Release|x64
		Release|x86 = Release|x86
	EndGlobalSection
	GlobalSection(ProjectConfigurationPlatforms) = postSolution
		{03B02113-67F4-4D07-86BD-9C77BBC43D4E}.Debug|x64.ActiveCfg = Debug|x64
		{03B02113-67F4-4D07-86BD-9C77BBC43D4E}.Debug|x64.Build.0 = Debug|x64
		{03B02113-67F4-4D07-86BD-9C77BBC43D4E}.Debug|x86.ActiveCfg = Debug|Win32
		{03B02113-67F4-4D07-86BD-9C77BBC43D4E}.Debug|x86.Build.0 = Debug|Win32
		{03B02113-67F4-4D07-86BD-9C77BBC43D4E}.Release|x64.ActiveCfg = Release|x64
		{03B02113-67F4-4D07-86BD-9C77BBC43D4E}.Release|x64.Build.0 = Release|x64
		{03B02113-67F4-4D07-86BD-9C77BBC43D4E}.Release|x86.ActiveCfg = Release|Win32
		{03B02113-67F4-4D07-86BD-9C77BBC43D4E}.Release|x86.Build.0 = Release|Win32
	EndGlobalSection
	GlobalSection(SolutionProperties) = preSolution
		HideSolutionNode = FALSE
	EndGlobalSection
	GlobalSection(ExtensibilityGlobals) = postSolution
		SolutionGuid = {E54C8714-03C3-4A15-97F0-BBD5661433C1}
	EndGlobalSection
EndGlobal
